
Microsoft Visual Studio Solution File, Format Version 12.00
Project("{F2A71F9B-5D33-465A-A702-920D77279786}") = "ParComb", "ParComb.fsproj", "{54ABDC21-CF54-402C-92A3-CC908DB5B629}"
EndProject
Global
	GlobalSection(SolutionConfigurationPlatforms) = preSolution
		Debug|Any CPU = Debug|Any CPU
		Release|Any CPU = Release|Any CPU
	EndGlobalSection
	GlobalSection(ProjectConfigurationPlatforms) = postSolution
		{54ABDC21-CF54-402C-92A3-CC908DB5B629}.Debug|Any CPU.ActiveCfg = Debug|Any CPU
		{54ABDC21-CF54-402C-92A3-CC908DB5B629}.Debug|Any CPU.Build.0 = Debug|Any CPU
		{54ABDC21-CF54-402C-92A3-CC908DB5B629}.Release|Any CPU.ActiveCfg = Release|Any CPU
		{54ABDC21-CF54-402C-92A3-CC908DB5B629}.Release|Any CPU.Build.0 = Release|Any CPU
	EndGlobalSection
EndGlobal
